# This file is autogenerated, do not edit; changes may be undone by the next 'dep ensure'.


[[projects]]
  name = "github.com/docopt/docopt-go"
  packages = ["."]
  revision = "ee0de3bc6815ee19d4a46c7eb90f829db0e014b1"

[[projects]]
  name = "github.com/go-telegram-bot-api/telegram-bot-api"
  packages = ["."]
  revision = "0e0af0c480ea98e982d5f4d45fb39577c6ab1e3e"
  version = "v4.6.2"

[[projects]]
  branch = "master"
  name = "github.com/noam09/go-couchpotato-api"
  packages = ["."]
  revision = "e89be06a46f98526e5f88690e6f2ea4463e8e896"

[[projects]]
  name = "github.com/technoweenie/multipartstreamer"
  packages = ["."]
  revision = "a90a01d73ae432e2611d178c18367fbaa13e0154"
  version = "v1.0.1"

[solve-meta]
  analyzer-name = "dep"
  analyzer-version = 1
  inputs-digest = "5755acb4a6b5060c9ee5cbfd635662534f942eb605663c0eb8af7314bc1c5201"
  solver-name = "gps-cdcl"
  solver-version = 1
